{
  "pins" : [
    {
      "identity" : "telescope",
      "kind" : "remoteSourceControl",
      "location" : "https://github.com/persello/telescope.git",
      "state" : {
        "revision" : "f408b75c8e671dced14dbf32cd2b4b791225af5a",
        "version" : "1.4.1"
      }
    },
    {
      "identity" : "youtubeplayerkit",
      "kind" : "remoteSourceControl",
      "location" : "https://github.com/SvenTiigi/YouTubePlayerKit.git",
      "state" : {
        "revision" : "48b3716ce316bb67c19b10c4335f356b195dd72e",
        "version" : "1.2.1"
      }
    }
  ],
  "version" : 2
}
